
Microsoft Visual Studio Solution File, Format Version 12.00
# Visual Studio Version 17
VisualStudioVersion = 17.1.32210.238
MinimumVisualStudioVersion = 10.0.40219.1
Project("{9A19103F-16F7-4668-BE54-9A1E7A4F7556}") = "GrpcServiceAClient", "GrpcServiceAClient\GrpcServiceAClient.csproj", "{5D1EC62D-10C0-4CF0-8797-C1B38CCD72C7}"
EndProject
Project("{9A19103F-16F7-4668-BE54-9A1E7A4F7556}") = "GrpcServiceB", "GrpcServiceB\GrpcServiceB.csproj", "{C5DA4CAB-796D-478D-88A1-F92F517D70DB}"
EndProject
Global
	GlobalSection(SolutionConfigurationPlatforms) = preSolution
		Debug|Any CPU = Debug|Any CPU
		Release|Any CPU = Release|Any CPU
	EndGlobalSection
	GlobalSection(ProjectConfigurationPlatforms) = postSolution
		{5D1EC62D-10C0-4CF0-8797-C1B38CCD72C7}.Debug|Any CPU.ActiveCfg = Debug|Any CPU
		{5D1EC62D-10C0-4CF0-8797-C1B38CCD72C7}.Debug|Any CPU.Build.0 = Debug|Any CPU
		{5D1EC62D-10C0-4CF0-8797-C1B38CCD72C7}.Release|Any CPU.ActiveCfg = Release|Any CPU
		{5D1EC62D-10C0-4CF0-8797-C1B38CCD72C7}.Release|Any CPU.Build.0 = Release|Any CPU
		{C5DA4CAB-796D-478D-88A1-F92F517D70DB}.Debug|Any CPU.ActiveCfg = Debug|Any CPU
		{C5DA4CAB-796D-478D-88A1-F92F517D70DB}.Debug|Any CPU.Build.0 = Debug|Any CPU
		{C5DA4CAB-796D-478D-88A1-F92F517D70DB}.Release|Any CPU.ActiveCfg = Release|Any CPU
		{C5DA4CAB-796D-478D-88A1-F92F517D70DB}.Release|Any CPU.Build.0 = Release|Any CPU
	EndGlobalSection
	GlobalSection(SolutionProperties) = preSolution
		HideSolutionNode = FALSE
	EndGlobalSection
	GlobalSection(ExtensibilityGlobals) = postSolution
		SolutionGuid = {84D19229-B30B-4384-9455-F472603022F0}
	EndGlobalSection
EndGlobal
